
Microsoft Visual Studio Solution File, Format Version 12.00
# Visual Studio Version 17
VisualStudioVersion = 17.14.36119.2 d17.14
MinimumVisualStudioVersion = 10.0.40219.1
Project("{FAE04EC0-301F-11D3-BF4B-00C04F79EFBC}") = "JwtAuth", "JwtAuth\JwtAuth.csproj", "{2B01A386-E9B9-41BC-B4AE-01C1F681AD4F}"
EndProject
Global
	GlobalSection(SolutionConfigurationPlatforms) = preSolution
		Debug|Any CPU = Debug|Any CPU
		Release|Any CPU = Release|Any CPU
	EndGlobalSection
	GlobalSection(ProjectConfigurationPlatforms) = postSolution
		{2B01A386-E9B9-41BC-B4AE-01C1F681AD4F}.Debug|Any CPU.ActiveCfg = Debug|Any CPU
		{2B01A386-E9B9-41BC-B4AE-01C1F681AD4F}.Debug|Any CPU.Build.0 = Debug|Any CPU
		{2B01A386-E9B9-41BC-B4AE-01C1F681AD4F}.Release|Any CPU.ActiveCfg = Release|Any CPU
		{2B01A386-E9B9-41BC-B4AE-01C1F681AD4F}.Release|Any CPU.Build.0 = Release|Any CPU
	EndGlobalSection
	GlobalSection(SolutionProperties) = preSolution
		HideSolutionNode = FALSE
	EndGlobalSection
	GlobalSection(ExtensibilityGlobals) = postSolution
		SolutionGuid = {D3F71493-4F8E-4725-9FD7-8318E596387B}
	EndGlobalSection
EndGlobal
